{
  "version": 4,
  "terraform_version": "1.3.5",
  "serial": 45,
  "lineage": "ee40bbfa-30b6-264b-c987-eaade62cced9",
  "outputs": {},
  "resources": [
    {
      "mode": "data",
      "type": "aws_ami",
      "name": "ubuntu",
      "provider": "provider[\"registry.terraform.io/hashicorp/aws\"]",
      "instances": [
        {
          "schema_version": 0,
          "attributes": {
            "architecture": "x86_64",
            "arn": "arn:aws:ec2:ap-south-1::image/ami-0597375488017747e",
            "block_device_mappings": [
              {
                "device_name": "/dev/sda1",
                "ebs": {
                  "delete_on_termination": "true",
                  "encrypted": "false",
                  "iops": "0",
                  "snapshot_id": "snap-016d28bffaba76010",
                  "throughput": "0",
                  "volume_size": "8",
                  "volume_type": "gp2"
                },
                "no_device": "",
                "virtual_name": ""
              },
              {
                "device_name": "/dev/sdb",
                "ebs": {},
                "no_device": "",
                "virtual_name": "ephemeral0"
              },
              {
                "device_name": "/dev/sdc",
                "ebs": {},
                "no_device": "",
                "virtual_name": "ephemeral1"
              }
            ],
            "boot_mode": "",
            "creation_date": "2023-01-13T19:22:11.000Z",
            "deprecation_time": "2025-01-13T19:22:11.000Z",
            "description": "Canonical, Ubuntu, 20.04 LTS, amd64 focal image build on 2023-01-12",
            "ena_support": true,
            "executable_users": null,
            "filter": [
              {
                "name": "name",
                "values": [
                  "ubuntu/images/hvm-ssd/ubuntu-focal-20.04-amd64-server-*"
                ]
              },
              {
                "name": "virtualization-type",
                "values": [
                  "hvm"
                ]
              }
            ],
            "hypervisor": "xen",
            "id": "ami-0597375488017747e",
            "image_id": "ami-0597375488017747e",
            "image_location": "amazon/ubuntu/images/hvm-ssd/ubuntu-focal-20.04-amd64-server-20230112",
            "image_owner_alias": "amazon",
            "image_type": "machine",
            "imds_support": "",
            "include_deprecated": false,
            "kernel_id": "",
            "most_recent": true,
            "name": "ubuntu/images/hvm-ssd/ubuntu-focal-20.04-amd64-server-20230112",
            "name_regex": null,
            "owner_id": "099720109477",
            "owners": [
              "099720109477"
            ],
            "platform": "",
            "platform_details": "Linux/UNIX",
            "product_codes": [],
            "public": true,
            "ramdisk_id": "",
            "root_device_name": "/dev/sda1",
            "root_device_type": "ebs",
            "root_snapshot_id": "snap-016d28bffaba76010",
            "sriov_net_support": "simple",
            "state": "available",
            "state_reason": {
              "code": "UNSET",
              "message": "UNSET"
            },
            "tags": {},
            "timeouts": null,
            "tpm_support": "",
            "usage_operation": "RunInstances",
            "virtualization_type": "hvm"
          },
          "sensitive_attributes": []
        }
      ]
    },
    {
      "mode": "data",
      "type": "aws_availability_zones",
      "name": "available",
      "provider": "provider[\"registry.terraform.io/hashicorp/aws\"]",
      "instances": [
        {
          "schema_version": 0,
          "attributes": {
            "all_availability_zones": null,
            "exclude_names": null,
            "exclude_zone_ids": null,
            "filter": null,
            "group_names": [
              "ap-south-1"
            ],
            "id": "ap-south-1",
            "names": [
              "ap-south-1a",
              "ap-south-1b",
              "ap-south-1c"
            ],
            "state": null,
            "timeouts": null,
            "zone_ids": [
              "aps1-az1",
              "aps1-az3",
              "aps1-az2"
            ]
          },
          "sensitive_attributes": []
        }
      ]
    },
    {
      "mode": "data",
      "type": "aws_region",
      "name": "current",
      "provider": "provider[\"registry.terraform.io/hashicorp/aws\"]",
      "instances": [
        {
          "schema_version": 0,
          "attributes": {
            "description": "Asia Pacific (Mumbai)",
            "endpoint": "ec2.ap-south-1.amazonaws.com",
            "id": "ap-south-1",
            "name": "ap-south-1"
          },
          "sensitive_attributes": []
        }
      ]
    },
    {
      "mode": "managed",
      "type": "aws_eip",
      "name": "eip",
      "provider": "provider[\"registry.terraform.io/hashicorp/aws\"]",
      "instances": [
        {
          "schema_version": 0,
          "attributes": {
            "address": null,
            "allocation_id": "eipalloc-0ccf6e240bf0ef4a0",
            "associate_with_private_ip": null,
            "association_id": "eipassoc-05515e2bd25ff9145",
            "carrier_ip": "",
            "customer_owned_ip": "",
            "customer_owned_ipv4_pool": "",
            "domain": "vpc",
            "id": "eipalloc-0ccf6e240bf0ef4a0",
            "instance": "",
            "network_border_group": "ap-south-1",
            "network_interface": "eni-05cbae5aacab50a4a",
            "private_dns": "ip-10-0-101-208.ap-south-1.compute.internal",
            "private_ip": "10.0.101.208",
            "public_dns": "ec2-13-126-179-184.ap-south-1.compute.amazonaws.com",
            "public_ip": "13.126.179.184",
            "public_ipv4_pool": "amazon",
            "tags": {
              "Name": "ngw_eip",
              "Terraform": "true"
            },
            "tags_all": {
              "Name": "ngw_eip",
              "Terraform": "true"
            },
            "timeouts": null,
            "vpc": true
          },
          "sensitive_attributes": [],
          "private": "eyJlMmJmYjczMC1lY2FhLTExZTYtOGY4OC0zNDM2M2JjN2M0YzAiOnsiZGVsZXRlIjoxODAwMDAwMDAwMDAsInJlYWQiOjkwMDAwMDAwMDAwMCwidXBkYXRlIjozMDAwMDAwMDAwMDB9fQ==",
          "dependencies": [
            "aws_internet_gateway.internet_gw",
            "aws_vpc.vpc"
          ]
        }
      ]
    },
    {
      "mode": "managed",
      "type": "aws_instance",
      "name": "web_server",
      "provider": "provider[\"registry.terraform.io/hashicorp/aws\"]",
      "instances": [
        {
          "status": "tainted",
          "schema_version": 1,
          "attributes": {
            "ami": "ami-0597375488017747e",
            "arn": "arn:aws:ec2:ap-south-1:147892563015:instance/i-0f72d255be5688360",
            "associate_public_ip_address": true,
            "availability_zone": "ap-south-1a",
            "capacity_reservation_specification": [
              {
                "capacity_reservation_preference": "open",
                "capacity_reservation_target": []
              }
            ],
            "cpu_core_count": 1,
            "cpu_threads_per_core": 1,
            "credit_specification": [
              {
                "cpu_credits": "standard"
              }
            ],
            "disable_api_stop": false,
            "disable_api_termination": false,
            "ebs_block_device": [],
            "ebs_optimized": false,
            "enclave_options": [
              {
                "enabled": false
              }
            ],
            "ephemeral_block_device": [],
            "get_password_data": false,
            "hibernation": false,
            "host_id": "",
            "host_resource_group_arn": null,
            "iam_instance_profile": "",
            "id": "i-0f72d255be5688360",
            "instance_initiated_shutdown_behavior": "stop",
            "instance_state": "running",
            "instance_type": "t2.micro",
            "ipv6_address_count": 0,
            "ipv6_addresses": [],
            "key_name": "AWS_web_server_key",
            "launch_template": [],
            "maintenance_options": [
              {
                "auto_recovery": "default"
              }
            ],
            "metadata_options": [
              {
                "http_endpoint": "enabled",
                "http_put_response_hop_limit": 1,
                "http_tokens": "optional",
                "instance_metadata_tags": "disabled"
              }
            ],
            "monitoring": false,
            "network_interface": [],
            "outpost_arn": "",
            "password_data": "",
            "placement_group": "",
            "placement_partition_number": 0,
            "primary_network_interface_id": "eni-06e223c4736b27b78",
            "private_dns": "ip-10-0-101-21.ap-south-1.compute.internal",
            "private_dns_name_options": [
              {
                "enable_resource_name_dns_a_record": false,
                "enable_resource_name_dns_aaaa_record": false,
                "hostname_type": "ip-name"
              }
            ],
            "private_ip": "10.0.101.21",
            "public_dns": "",
            "public_ip": "3.108.62.184",
            "root_block_device": [
              {
                "delete_on_termination": true,
                "device_name": "/dev/sda1",
                "encrypted": false,
                "iops": 100,
                "kms_key_id": "",
                "tags": {},
                "throughput": 0,
                "volume_id": "vol-0ae2279ca6c0df506",
                "volume_size": 8,
                "volume_type": "gp2"
              }
            ],
            "secondary_private_ips": [],
            "security_groups": [
              "sg-04382a840c5d81d1d",
              "sg-0b3bc340e8f6fcdff",
              "sg-0f7bab1950551445b"
            ],
            "source_dest_check": true,
            "subnet_id": "subnet-08b45a6a70055c1d8",
            "tags": {
              "Name": "Web Server",
              "Terraform": "true"
            },
            "tags_all": {
              "Name": "Web Server",
              "Terraform": "true"
            },
            "tenancy": "default",
            "timeouts": null,
            "user_data": null,
            "user_data_base64": null,
            "user_data_replace_on_change": false,
            "volume_tags": null,
            "vpc_security_group_ids": [
              "sg-04382a840c5d81d1d",
              "sg-0b3bc340e8f6fcdff",
              "sg-0f7bab1950551445b"
            ]
          },
          "sensitive_attributes": [],
          "private": "eyJlMmJmYjczMC1lY2FhLTExZTYtOGY4OC0zNDM2M2JjN2M0YzAiOnsiY3JlYXRlIjo2MDAwMDAwMDAwMDAsImRlbGV0ZSI6MTIwMDAwMDAwMDAwMCwidXBkYXRlIjo2MDAwMDAwMDAwMDB9LCJzY2hlbWFfdmVyc2lvbiI6IjEifQ==",
          "dependencies": [
            "aws_key_pair.private_key",
            "aws_security_group.sg-ingress-ssh",
            "aws_security_group.vpc-ping",
            "aws_security_group.vpc-web",
            "aws_subnet.public_subnets",
            "data.aws_ami.ubuntu",
            "tls_private_key.private_key"
          ]
        }
      ]
    },
    {
      "mode": "managed",
      "type": "aws_internet_gateway",
      "name": "internet_gw",
      "provider": "provider[\"registry.terraform.io/hashicorp/aws\"]",
      "instances": [
        {
          "schema_version": 0,
          "attributes": {
            "arn": "arn:aws:ec2:ap-south-1:147892563015:internet-gateway/igw-0b39681bd59f8541f",
            "id": "igw-0b39681bd59f8541f",
            "owner_id": "147892563015",
            "tags": {
              "Name": "internet_gw",
              "Terraform": "true"
            },
            "tags_all": {
              "Name": "internet_gw",
              "Terraform": "true"
            },
            "timeouts": null,
            "vpc_id": "vpc-04c575c3aa9969a1e"
          },
          "sensitive_attributes": [],
          "private": "eyJlMmJmYjczMC1lY2FhLTExZTYtOGY4OC0zNDM2M2JjN2M0YzAiOnsiY3JlYXRlIjoxMjAwMDAwMDAwMDAwLCJkZWxldGUiOjEyMDAwMDAwMDAwMDAsInVwZGF0ZSI6MTIwMDAwMDAwMDAwMH19",
          "dependencies": [
            "aws_vpc.vpc"
          ]
        }
      ]
    },
    {
      "mode": "managed",
      "type": "aws_key_pair",
      "name": "private_key",
      "provider": "provider[\"registry.terraform.io/hashicorp/aws\"]",
      "instances": [
        {
          "schema_version": 1,
          "attributes": {
            "arn": "arn:aws:ec2:ap-south-1:147892563015:key-pair/AWS_web_server_key",
            "fingerprint": "2a:4e:74:c1:47:81:30:2a:bc:1b:12:65:86:6a:f4:63",
            "id": "AWS_web_server_key",
            "key_name": "AWS_web_server_key",
            "key_name_prefix": "",
            "key_pair_id": "key-0390653d9f447f393",
            "key_type": "rsa",
            "public_key": "ssh-rsa AAAAB3NzaC1yc2EAAAADAQABAAABAQDCDshjtWA/o4xT93i8WRqUrZYQdp42+0uI5wxfxhng27vvq8Rv2jM2jUmdUKC+ynVpDgNL3L1RU1A/y780DTuiyIVJwwQzMYqOCoQGsFHn38WxYFTCTSO0j16FBFz86odvmEjhgGtBJQPvAidlHNB7mZKatVOGDhxkkiu9PzgRt6zt+/0tDiwF9tAsd/WX2AWNwhyZLRBx+ivUIM69Yfn7lqi+KMQABlYnH+JAK3ZCZDDu/fYo1FWfiMVgaKuksFlzm9Ba2qhIt2VwgV6f+hNdGm4h0SbT2vDqRrX5JveWQzkLF+w7PYHMpsVCTatHTKuwyGC/6yn6SIeTH1hudP3N",
            "tags": {
              "Name": "private_key_pair",
              "Terraform": "true"
            },
            "tags_all": {
              "Name": "private_key_pair",
              "Terraform": "true"
            }
          },
          "sensitive_attributes": [],
          "private": "eyJzY2hlbWFfdmVyc2lvbiI6IjEifQ==",
          "dependencies": [
            "tls_private_key.private_key"
          ]
        }
      ]
    },
    {
      "mode": "managed",
      "type": "aws_nat_gateway",
      "name": "nat_gw",
      "provider": "provider[\"registry.terraform.io/hashicorp/aws\"]",
      "instances": [
        {
          "schema_version": 0,
          "attributes": {
            "allocation_id": "eipalloc-0ccf6e240bf0ef4a0",
            "connectivity_type": "public",
            "id": "nat-0e967c521ddeff9d0",
            "network_interface_id": "eni-05cbae5aacab50a4a",
            "private_ip": "10.0.101.208",
            "public_ip": "13.126.179.184",
            "subnet_id": "subnet-08b45a6a70055c1d8",
            "tags": {
              "Name": "Nat_gw",
              "Terraform": "true"
            },
            "tags_all": {
              "Name": "Nat_gw",
              "Terraform": "true"
            }
          },
          "sensitive_attributes": [],
          "private": "bnVsbA==",
          "dependencies": [
            "aws_eip.eip",
            "aws_internet_gateway.internet_gw",
            "aws_subnet.public_subnets",
            "aws_vpc.vpc",
            "data.aws_availability_zones.available"
          ]
        }
      ]
    },
    {
      "mode": "managed",
      "type": "aws_route_table",
      "name": "private_rtb",
      "provider": "provider[\"registry.terraform.io/hashicorp/aws\"]",
      "instances": [
        {
          "schema_version": 0,
          "attributes": {
            "arn": "arn:aws:ec2:ap-south-1:147892563015:route-table/rtb-0413580d2cd02c5f9",
            "id": "rtb-0413580d2cd02c5f9",
            "owner_id": "147892563015",
            "propagating_vgws": [],
            "route": [
              {
                "carrier_gateway_id": "",
                "cidr_block": "0.0.0.0/0",
                "core_network_arn": "",
                "destination_prefix_list_id": "",
                "egress_only_gateway_id": "",
                "gateway_id": "",
                "instance_id": "",
                "ipv6_cidr_block": "",
                "local_gateway_id": "",
                "nat_gateway_id": "nat-0e967c521ddeff9d0",
                "network_interface_id": "",
                "transit_gateway_id": "",
                "vpc_endpoint_id": "",
                "vpc_peering_connection_id": ""
              }
            ],
            "tags": {
              "Name": "private_rtb",
              "Terraform": "true"
            },
            "tags_all": {
              "Name": "private_rtb",
              "Terraform": "true"
            },
            "timeouts": null,
            "vpc_id": "vpc-04c575c3aa9969a1e"
          },
          "sensitive_attributes": [],
          "private": "eyJlMmJmYjczMC1lY2FhLTExZTYtOGY4OC0zNDM2M2JjN2M0YzAiOnsiY3JlYXRlIjozMDAwMDAwMDAwMDAsImRlbGV0ZSI6MzAwMDAwMDAwMDAwLCJ1cGRhdGUiOjEyMDAwMDAwMDAwMH19",
          "dependencies": [
            "aws_eip.eip",
            "aws_internet_gateway.internet_gw",
            "aws_nat_gateway.nat_gw",
            "aws_subnet.public_subnets",
            "aws_vpc.vpc",
            "data.aws_availability_zones.available"
          ]
        }
      ]
    },
    {
      "mode": "managed",
      "type": "aws_route_table",
      "name": "public_rtb",
      "provider": "provider[\"registry.terraform.io/hashicorp/aws\"]",
      "instances": [
        {
          "schema_version": 0,
          "attributes": {
            "arn": "arn:aws:ec2:ap-south-1:147892563015:route-table/rtb-07c5b4abcc056ddc2",
            "id": "rtb-07c5b4abcc056ddc2",
            "owner_id": "147892563015",
            "propagating_vgws": [],
            "route": [
              {
                "carrier_gateway_id": "",
                "cidr_block": "0.0.0.0/0",
                "core_network_arn": "",
                "destination_prefix_list_id": "",
                "egress_only_gateway_id": "",
                "gateway_id": "igw-0b39681bd59f8541f",
                "instance_id": "",
                "ipv6_cidr_block": "",
                "local_gateway_id": "",
                "nat_gateway_id": "",
                "network_interface_id": "",
                "transit_gateway_id": "",
                "vpc_endpoint_id": "",
                "vpc_peering_connection_id": ""
              }
            ],
            "tags": {
              "Name": "public_rtb",
              "Terraform": "true"
            },
            "tags_all": {
              "Name": "public_rtb",
              "Terraform": "true"
            },
            "timeouts": null,
            "vpc_id": "vpc-04c575c3aa9969a1e"
          },
          "sensitive_attributes": [],
          "private": "eyJlMmJmYjczMC1lY2FhLTExZTYtOGY4OC0zNDM2M2JjN2M0YzAiOnsiY3JlYXRlIjozMDAwMDAwMDAwMDAsImRlbGV0ZSI6MzAwMDAwMDAwMDAwLCJ1cGRhdGUiOjEyMDAwMDAwMDAwMH19",
          "dependencies": [
            "aws_internet_gateway.internet_gw",
            "aws_vpc.vpc"
          ]
        }
      ]
    },
    {
      "mode": "managed",
      "type": "aws_route_table_association",
      "name": "private_rtb_association",
      "provider": "provider[\"registry.terraform.io/hashicorp/aws\"]",
      "instances": [
        {
          "index_key": "private_subnet_1",
          "schema_version": 0,
          "attributes": {
            "gateway_id": "",
            "id": "rtbassoc-08c2a7fc7e8ce32f6",
            "route_table_id": "rtb-0413580d2cd02c5f9",
            "subnet_id": "subnet-0c2bebf218c258cd7"
          },
          "sensitive_attributes": [],
          "private": "bnVsbA==",
          "dependencies": [
            "aws_eip.eip",
            "aws_internet_gateway.internet_gw",
            "aws_nat_gateway.nat_gw",
            "aws_route_table.private_rtb",
            "aws_subnet.private_subnets",
            "aws_subnet.public_subnets",
            "aws_vpc.vpc",
            "data.aws_availability_zones.available"
          ]
        },
        {
          "index_key": "private_subnet_2",
          "schema_version": 0,
          "attributes": {
            "gateway_id": "",
            "id": "rtbassoc-0d926656d8e63c6a2",
            "route_table_id": "rtb-0413580d2cd02c5f9",
            "subnet_id": "subnet-06e1f16d7d8ff26a7"
          },
          "sensitive_attributes": [],
          "private": "bnVsbA==",
          "dependencies": [
            "aws_eip.eip",
            "aws_internet_gateway.internet_gw",
            "aws_nat_gateway.nat_gw",
            "aws_route_table.private_rtb",
            "aws_subnet.private_subnets",
            "aws_subnet.public_subnets",
            "aws_vpc.vpc",
            "data.aws_availability_zones.available"
          ]
        },
        {
          "index_key": "private_subnet_3",
          "schema_version": 0,
          "attributes": {
            "gateway_id": "",
            "id": "rtbassoc-0f3d297c24360c70f",
            "route_table_id": "rtb-0413580d2cd02c5f9",
            "subnet_id": "subnet-0a075cf33e4c6cb8e"
          },
          "sensitive_attributes": [],
          "private": "bnVsbA==",
          "dependencies": [
            "aws_eip.eip",
            "aws_internet_gateway.internet_gw",
            "aws_nat_gateway.nat_gw",
            "aws_route_table.private_rtb",
            "aws_subnet.private_subnets",
            "aws_subnet.public_subnets",
            "aws_vpc.vpc",
            "data.aws_availability_zones.available"
          ]
        }
      ]
    },
    {
      "mode": "managed",
      "type": "aws_route_table_association",
      "name": "public_rtb_association",
      "provider": "provider[\"registry.terraform.io/hashicorp/aws\"]",
      "instances": [
        {
          "index_key": "public_subnet_1",
          "schema_version": 0,
          "attributes": {
            "gateway_id": "",
            "id": "rtbassoc-0d7d7a05017b00139",
            "route_table_id": "rtb-07c5b4abcc056ddc2",
            "subnet_id": "subnet-08b45a6a70055c1d8"
          },
          "sensitive_attributes": [],
          "private": "bnVsbA==",
          "dependencies": [
            "aws_internet_gateway.internet_gw",
            "aws_route_table.public_rtb",
            "aws_subnet.public_subnets",
            "aws_vpc.vpc",
            "data.aws_availability_zones.available"
          ]
        },
        {
          "index_key": "public_subnet_2",
          "schema_version": 0,
          "attributes": {
            "gateway_id": "",
            "id": "rtbassoc-09ad5f0652df85a00",
            "route_table_id": "rtb-07c5b4abcc056ddc2",
            "subnet_id": "subnet-0d800f3bd28c6b159"
          },
          "sensitive_attributes": [],
          "private": "bnVsbA==",
          "dependencies": [
            "aws_internet_gateway.internet_gw",
            "aws_route_table.public_rtb",
            "aws_subnet.public_subnets",
            "aws_vpc.vpc",
            "data.aws_availability_zones.available"
          ]
        },
        {
          "index_key": "public_subnet_3",
          "schema_version": 0,
          "attributes": {
            "gateway_id": "",
            "id": "rtbassoc-0dc921bac1dfcb28c",
            "route_table_id": "rtb-07c5b4abcc056ddc2",
            "subnet_id": "subnet-082fa32e1419c6627"
          },
          "sensitive_attributes": [],
          "private": "bnVsbA==",
          "dependencies": [
            "aws_internet_gateway.internet_gw",
            "aws_route_table.public_rtb",
            "aws_subnet.public_subnets",
            "aws_vpc.vpc",
            "data.aws_availability_zones.available"
          ]
        }
      ]
    },
    {
      "mode": "managed",
      "type": "aws_security_group",
      "name": "sg-ingress-ssh",
      "provider": "provider[\"registry.terraform.io/hashicorp/aws\"]",
      "instances": [
        {
          "schema_version": 1,
          "attributes": {
            "arn": "arn:aws:ec2:ap-south-1:147892563015:security-group/sg-0f7bab1950551445b",
            "description": "Allow TLS inbound traffic",
            "egress": [
              {
                "cidr_blocks": [
                  "0.0.0.0/0"
                ],
                "description": "Allow all IP and Ports Outbound",
                "from_port": 0,
                "ipv6_cidr_blocks": [
                  "::/0"
                ],
                "prefix_list_ids": [],
                "protocol": "-1",
                "security_groups": [],
                "self": false,
                "to_port": 0
              }
            ],
            "id": "sg-0f7bab1950551445b",
            "ingress": [
              {
                "cidr_blocks": [
                  "0.0.0.0/0"
                ],
                "description": "Open to Internet",
                "from_port": 22,
                "ipv6_cidr_blocks": [
                  "::/0"
                ],
                "prefix_list_ids": [],
                "protocol": "tcp",
                "security_groups": [],
                "self": false,
                "to_port": 22
              }
            ],
            "name": "terraform-20230126223753150900000001",
            "name_prefix": "terraform-",
            "owner_id": "147892563015",
            "revoke_rules_on_delete": false,
            "tags": {
              "Name": "Public SG",
              "Terraform": "true"
            },
            "tags_all": {
              "Name": "Public SG",
              "Terraform": "true"
            },
            "timeouts": null,
            "vpc_id": "vpc-04c575c3aa9969a1e"
          },
          "sensitive_attributes": [],
          "private": "eyJlMmJmYjczMC1lY2FhLTExZTYtOGY4OC0zNDM2M2JjN2M0YzAiOnsiY3JlYXRlIjo2MDAwMDAwMDAwMDAsImRlbGV0ZSI6OTAwMDAwMDAwMDAwfSwic2NoZW1hX3ZlcnNpb24iOiIxIn0=",
          "dependencies": [
            "aws_vpc.vpc"
          ]
        }
      ]
    },
    {
      "mode": "managed",
      "type": "aws_security_group",
      "name": "vpc-ping",
      "provider": "provider[\"registry.terraform.io/hashicorp/aws\"]",
      "instances": [
        {
          "schema_version": 1,
          "attributes": {
            "arn": "arn:aws:ec2:ap-south-1:147892563015:security-group/sg-04382a840c5d81d1d",
            "description": "ICMP for ping",
            "egress": [
              {
                "cidr_blocks": [
                  "0.0.0.0/0"
                ],
                "description": "Allow all IP and Ports Outbound",
                "from_port": 0,
                "ipv6_cidr_blocks": [
                  "::/0"
                ],
                "prefix_list_ids": [],
                "protocol": "-1",
                "security_groups": [],
                "self": false,
                "to_port": 0
              }
            ],
            "id": "sg-04382a840c5d81d1d",
            "ingress": [
              {
                "cidr_blocks": [
                  "0.0.0.0/0"
                ],
                "description": "Allow ICMP Traffic",
                "from_port": -1,
                "ipv6_cidr_blocks": [
                  "::/0"
                ],
                "prefix_list_ids": [],
                "protocol": "icmp",
                "security_groups": [],
                "self": false,
                "to_port": -1
              }
            ],
            "name": "vpc-ping",
            "name_prefix": "",
            "owner_id": "147892563015",
            "revoke_rules_on_delete": false,
            "tags": {
              "Name": "vpc-ping"
            },
            "tags_all": {
              "Name": "vpc-ping"
            },
            "timeouts": null,
            "vpc_id": "vpc-04c575c3aa9969a1e"
          },
          "sensitive_attributes": [],
          "private": "eyJlMmJmYjczMC1lY2FhLTExZTYtOGY4OC0zNDM2M2JjN2M0YzAiOnsiY3JlYXRlIjo2MDAwMDAwMDAwMDAsImRlbGV0ZSI6OTAwMDAwMDAwMDAwfSwic2NoZW1hX3ZlcnNpb24iOiIxIn0=",
          "dependencies": [
            "aws_vpc.vpc"
          ]
        }
      ]
    },
    {
      "mode": "managed",
      "type": "aws_security_group",
      "name": "vpc-web",
      "provider": "provider[\"registry.terraform.io/hashicorp/aws\"]",
      "instances": [
        {
          "schema_version": 1,
          "attributes": {
            "arn": "arn:aws:ec2:ap-south-1:147892563015:security-group/sg-0b3bc340e8f6fcdff",
            "description": "Allow TLS inbound traffic",
            "egress": [
              {
                "cidr_blocks": [
                  "0.0.0.0/0"
                ],
                "description": "Allow all IP and Ports Outbound",
                "from_port": 0,
                "ipv6_cidr_blocks": [
                  "::/0"
                ],
                "prefix_list_ids": [],
                "protocol": "-1",
                "security_groups": [],
                "self": false,
                "to_port": 0
              }
            ],
            "id": "sg-0b3bc340e8f6fcdff",
            "ingress": [
              {
                "cidr_blocks": [
                  "0.0.0.0/0"
                ],
                "description": "Allow Port 443",
                "from_port": 443,
                "ipv6_cidr_blocks": [
                  "::/0"
                ],
                "prefix_list_ids": [],
                "protocol": "tcp",
                "security_groups": [],
                "self": false,
                "to_port": 443
              },
              {
                "cidr_blocks": [
                  "0.0.0.0/0"
                ],
                "description": "Allow Port 80",
                "from_port": 80,
                "ipv6_cidr_blocks": [
                  "::/0"
                ],
                "prefix_list_ids": [],
                "protocol": "tcp",
                "security_groups": [],
                "self": false,
                "to_port": 80
              }
            ],
            "name": "vpc-web-default",
            "name_prefix": "",
            "owner_id": "147892563015",
            "revoke_rules_on_delete": false,
            "tags": {
              "Name": "sg-web-server",
              "Terraform": "true"
            },
            "tags_all": {
              "Name": "sg-web-server",
              "Terraform": "true"
            },
            "timeouts": null,
            "vpc_id": "vpc-04c575c3aa9969a1e"
          },
          "sensitive_attributes": [],
          "private": "eyJlMmJmYjczMC1lY2FhLTExZTYtOGY4OC0zNDM2M2JjN2M0YzAiOnsiY3JlYXRlIjo2MDAwMDAwMDAwMDAsImRlbGV0ZSI6OTAwMDAwMDAwMDAwfSwic2NoZW1hX3ZlcnNpb24iOiIxIn0=",
          "dependencies": [
            "aws_vpc.vpc"
          ]
        }
      ]
    },
    {
      "mode": "managed",
      "type": "aws_subnet",
      "name": "private_subnets",
      "provider": "provider[\"registry.terraform.io/hashicorp/aws\"]",
      "instances": [
        {
          "index_key": "private_subnet_1",
          "schema_version": 1,
          "attributes": {
            "arn": "arn:aws:ec2:ap-south-1:147892563015:subnet/subnet-0c2bebf218c258cd7",
            "assign_ipv6_address_on_creation": false,
            "availability_zone": "ap-south-1a",
            "availability_zone_id": "aps1-az1",
            "cidr_block": "10.0.1.0/24",
            "customer_owned_ipv4_pool": "",
            "enable_dns64": false,
            "enable_resource_name_dns_a_record_on_launch": false,
            "enable_resource_name_dns_aaaa_record_on_launch": false,
            "id": "subnet-0c2bebf218c258cd7",
            "ipv6_cidr_block": "",
            "ipv6_cidr_block_association_id": "",
            "ipv6_native": false,
            "map_customer_owned_ip_on_launch": false,
            "map_public_ip_on_launch": false,
            "outpost_arn": "",
            "owner_id": "147892563015",
            "private_dns_hostname_type_on_launch": "ip-name",
            "tags": {
              "Name": "private_subnet_1",
              "Terraform": "true"
            },
            "tags_all": {
              "Name": "private_subnet_1",
              "Terraform": "true"
            },
            "timeouts": null,
            "vpc_id": "vpc-04c575c3aa9969a1e"
          },
          "sensitive_attributes": [],
          "private": "eyJlMmJmYjczMC1lY2FhLTExZTYtOGY4OC0zNDM2M2JjN2M0YzAiOnsiY3JlYXRlIjo2MDAwMDAwMDAwMDAsImRlbGV0ZSI6MTIwMDAwMDAwMDAwMH0sInNjaGVtYV92ZXJzaW9uIjoiMSJ9",
          "dependencies": [
            "aws_vpc.vpc",
            "data.aws_availability_zones.available"
          ]
        },
        {
          "index_key": "private_subnet_2",
          "schema_version": 1,
          "attributes": {
            "arn": "arn:aws:ec2:ap-south-1:147892563015:subnet/subnet-06e1f16d7d8ff26a7",
            "assign_ipv6_address_on_creation": false,
            "availability_zone": "ap-south-1b",
            "availability_zone_id": "aps1-az3",
            "cidr_block": "10.0.2.0/24",
            "customer_owned_ipv4_pool": "",
            "enable_dns64": false,
            "enable_resource_name_dns_a_record_on_launch": false,
            "enable_resource_name_dns_aaaa_record_on_launch": false,
            "id": "subnet-06e1f16d7d8ff26a7",
            "ipv6_cidr_block": "",
            "ipv6_cidr_block_association_id": "",
            "ipv6_native": false,
            "map_customer_owned_ip_on_launch": false,
            "map_public_ip_on_launch": false,
            "outpost_arn": "",
            "owner_id": "147892563015",
            "private_dns_hostname_type_on_launch": "ip-name",
            "tags": {
              "Name": "private_subnet_2",
              "Terraform": "true"
            },
            "tags_all": {
              "Name": "private_subnet_2",
              "Terraform": "true"
            },
            "timeouts": null,
            "vpc_id": "vpc-04c575c3aa9969a1e"
          },
          "sensitive_attributes": [],
          "private": "eyJlMmJmYjczMC1lY2FhLTExZTYtOGY4OC0zNDM2M2JjN2M0YzAiOnsiY3JlYXRlIjo2MDAwMDAwMDAwMDAsImRlbGV0ZSI6MTIwMDAwMDAwMDAwMH0sInNjaGVtYV92ZXJzaW9uIjoiMSJ9",
          "dependencies": [
            "aws_vpc.vpc",
            "data.aws_availability_zones.available"
          ]
        },
        {
          "index_key": "private_subnet_3",
          "schema_version": 1,
          "attributes": {
            "arn": "arn:aws:ec2:ap-south-1:147892563015:subnet/subnet-0a075cf33e4c6cb8e",
            "assign_ipv6_address_on_creation": false,
            "availability_zone": "ap-south-1c",
            "availability_zone_id": "aps1-az2",
            "cidr_block": "10.0.3.0/24",
            "customer_owned_ipv4_pool": "",
            "enable_dns64": false,
            "enable_resource_name_dns_a_record_on_launch": false,
            "enable_resource_name_dns_aaaa_record_on_launch": false,
            "id": "subnet-0a075cf33e4c6cb8e",
            "ipv6_cidr_block": "",
            "ipv6_cidr_block_association_id": "",
            "ipv6_native": false,
            "map_customer_owned_ip_on_launch": false,
            "map_public_ip_on_launch": false,
            "outpost_arn": "",
            "owner_id": "147892563015",
            "private_dns_hostname_type_on_launch": "ip-name",
            "tags": {
              "Name": "private_subnet_3",
              "Terraform": "true"
            },
            "tags_all": {
              "Name": "private_subnet_3",
              "Terraform": "true"
            },
            "timeouts": null,
            "vpc_id": "vpc-04c575c3aa9969a1e"
          },
          "sensitive_attributes": [],
          "private": "eyJlMmJmYjczMC1lY2FhLTExZTYtOGY4OC0zNDM2M2JjN2M0YzAiOnsiY3JlYXRlIjo2MDAwMDAwMDAwMDAsImRlbGV0ZSI6MTIwMDAwMDAwMDAwMH0sInNjaGVtYV92ZXJzaW9uIjoiMSJ9",
          "dependencies": [
            "aws_vpc.vpc",
            "data.aws_availability_zones.available"
          ]
        }
      ]
    },
    {
      "mode": "managed",
      "type": "aws_subnet",
      "name": "public_subnets",
      "provider": "provider[\"registry.terraform.io/hashicorp/aws\"]",
      "instances": [
        {
          "index_key": "public_subnet_1",
          "schema_version": 1,
          "attributes": {
            "arn": "arn:aws:ec2:ap-south-1:147892563015:subnet/subnet-08b45a6a70055c1d8",
            "assign_ipv6_address_on_creation": false,
            "availability_zone": "ap-south-1a",
            "availability_zone_id": "aps1-az1",
            "cidr_block": "10.0.101.0/24",
            "customer_owned_ipv4_pool": "",
            "enable_dns64": false,
            "enable_resource_name_dns_a_record_on_launch": false,
            "enable_resource_name_dns_aaaa_record_on_launch": false,
            "id": "subnet-08b45a6a70055c1d8",
            "ipv6_cidr_block": "",
            "ipv6_cidr_block_association_id": "",
            "ipv6_native": false,
            "map_customer_owned_ip_on_launch": false,
            "map_public_ip_on_launch": true,
            "outpost_arn": "",
            "owner_id": "147892563015",
            "private_dns_hostname_type_on_launch": "ip-name",
            "tags": {
              "Name": "public_subnet_1",
              "Terraform": "true"
            },
            "tags_all": {
              "Name": "public_subnet_1",
              "Terraform": "true"
            },
            "timeouts": null,
            "vpc_id": "vpc-04c575c3aa9969a1e"
          },
          "sensitive_attributes": [],
          "private": "eyJlMmJmYjczMC1lY2FhLTExZTYtOGY4OC0zNDM2M2JjN2M0YzAiOnsiY3JlYXRlIjo2MDAwMDAwMDAwMDAsImRlbGV0ZSI6MTIwMDAwMDAwMDAwMH0sInNjaGVtYV92ZXJzaW9uIjoiMSJ9",
          "dependencies": [
            "aws_vpc.vpc",
            "data.aws_availability_zones.available"
          ]
        },
        {
          "index_key": "public_subnet_2",
          "schema_version": 1,
          "attributes": {
            "arn": "arn:aws:ec2:ap-south-1:147892563015:subnet/subnet-0d800f3bd28c6b159",
            "assign_ipv6_address_on_creation": false,
            "availability_zone": "ap-south-1b",
            "availability_zone_id": "aps1-az3",
            "cidr_block": "10.0.102.0/24",
            "customer_owned_ipv4_pool": "",
            "enable_dns64": false,
            "enable_resource_name_dns_a_record_on_launch": false,
            "enable_resource_name_dns_aaaa_record_on_launch": false,
            "id": "subnet-0d800f3bd28c6b159",
            "ipv6_cidr_block": "",
            "ipv6_cidr_block_association_id": "",
            "ipv6_native": false,
            "map_customer_owned_ip_on_launch": false,
            "map_public_ip_on_launch": true,
            "outpost_arn": "",
            "owner_id": "147892563015",
            "private_dns_hostname_type_on_launch": "ip-name",
            "tags": {
              "Name": "public_subnet_2",
              "Terraform": "true"
            },
            "tags_all": {
              "Name": "public_subnet_2",
              "Terraform": "true"
            },
            "timeouts": null,
            "vpc_id": "vpc-04c575c3aa9969a1e"
          },
          "sensitive_attributes": [],
          "private": "eyJlMmJmYjczMC1lY2FhLTExZTYtOGY4OC0zNDM2M2JjN2M0YzAiOnsiY3JlYXRlIjo2MDAwMDAwMDAwMDAsImRlbGV0ZSI6MTIwMDAwMDAwMDAwMH0sInNjaGVtYV92ZXJzaW9uIjoiMSJ9",
          "dependencies": [
            "aws_vpc.vpc",
            "data.aws_availability_zones.available"
          ]
        },
        {
          "index_key": "public_subnet_3",
          "schema_version": 1,
          "attributes": {
            "arn": "arn:aws:ec2:ap-south-1:147892563015:subnet/subnet-082fa32e1419c6627",
            "assign_ipv6_address_on_creation": false,
            "availability_zone": "ap-south-1c",
            "availability_zone_id": "aps1-az2",
            "cidr_block": "10.0.103.0/24",
            "customer_owned_ipv4_pool": "",
            "enable_dns64": false,
            "enable_resource_name_dns_a_record_on_launch": false,
            "enable_resource_name_dns_aaaa_record_on_launch": false,
            "id": "subnet-082fa32e1419c6627",
            "ipv6_cidr_block": "",
            "ipv6_cidr_block_association_id": "",
            "ipv6_native": false,
            "map_customer_owned_ip_on_launch": false,
            "map_public_ip_on_launch": true,
            "outpost_arn": "",
            "owner_id": "147892563015",
            "private_dns_hostname_type_on_launch": "ip-name",
            "tags": {
              "Name": "public_subnet_3",
              "Terraform": "true"
            },
            "tags_all": {
              "Name": "public_subnet_3",
              "Terraform": "true"
            },
            "timeouts": null,
            "vpc_id": "vpc-04c575c3aa9969a1e"
          },
          "sensitive_attributes": [],
          "private": "eyJlMmJmYjczMC1lY2FhLTExZTYtOGY4OC0zNDM2M2JjN2M0YzAiOnsiY3JlYXRlIjo2MDAwMDAwMDAwMDAsImRlbGV0ZSI6MTIwMDAwMDAwMDAwMH0sInNjaGVtYV92ZXJzaW9uIjoiMSJ9",
          "dependencies": [
            "aws_vpc.vpc",
            "data.aws_availability_zones.available"
          ]
        }
      ]
    },
    {
      "mode": "managed",
      "type": "aws_vpc",
      "name": "vpc",
      "provider": "provider[\"registry.terraform.io/hashicorp/aws\"]",
      "instances": [
        {
          "schema_version": 1,
          "attributes": {
            "arn": "arn:aws:ec2:ap-south-1:147892563015:vpc/vpc-04c575c3aa9969a1e",
            "assign_generated_ipv6_cidr_block": false,
            "cidr_block": "10.0.0.0/16",
            "default_network_acl_id": "acl-057d4ed3a184edd4e",
            "default_route_table_id": "rtb-06546eac2e2068f20",
            "default_security_group_id": "sg-053e7e7fe3aaee639",
            "dhcp_options_id": "dopt-0d30761a3c4ec615e",
            "enable_classiclink": false,
            "enable_classiclink_dns_support": false,
            "enable_dns_hostnames": false,
            "enable_dns_support": true,
            "enable_network_address_usage_metrics": false,
            "id": "vpc-04c575c3aa9969a1e",
            "instance_tenancy": "default",
            "ipv4_ipam_pool_id": null,
            "ipv4_netmask_length": null,
            "ipv6_association_id": "",
            "ipv6_cidr_block": "",
            "ipv6_cidr_block_network_border_group": "",
            "ipv6_ipam_pool_id": "",
            "ipv6_netmask_length": 0,
            "main_route_table_id": "rtb-06546eac2e2068f20",
            "owner_id": "147892563015",
            "tags": {
              "Environment": "dev",
              "Name": "vpc",
              "Terraform": "true"
            },
            "tags_all": {
              "Environment": "dev",
              "Name": "vpc",
              "Terraform": "true"
            }
          },
          "sensitive_attributes": [],
          "private": "eyJzY2hlbWFfdmVyc2lvbiI6IjEifQ=="
        }
      ]
    },
    {
      "mode": "managed",
      "type": "local_file",
      "name": "private_key_pem",
      "provider": "provider[\"registry.terraform.io/hashicorp/local\"]",
      "instances": [
        {
          "schema_version": 0,
          "attributes": {
            "content": "-----BEGIN RSA PRIVATE KEY-----\nMIIEowIBAAKCAQEAwg7IY7VgP6OMU/d4vFkalK2WEHaeNvtLiOcMX8YZ4Nu776vE\nb9ozNo1JnVCgvsp1aQ4DS9y9UVNQP8u/NA07osiFScMEMzGKjgqEBrBR59/FsWBU\nwk0jtI9ehQRc/OqHb5hI4YBrQSUD7wInZRzQe5mSmrVThg4cZJIrvT84Ebes7fv9\nLQ4sBfbQLHf1l9gFjcIcmS0Qcfor1CDOvWH5+5aovijEAAZWJx/iQCt2QmQw7v32\nKNRVn4jFYGirpLBZc5vQWtqoSLdlcIFen/oTXRpuIdEm09rw6ka1+Sb3lkM5Cxfs\nOz2BzKbFQk2rR0yrsMhgv+sp+kiHkx9YbnT9zQIDAQABAoIBAQCo6Z8pkxXNLvmV\nmOIB5/lIEvR9LhK3PvNXne1abB/YZstmaffZeG99e2vpP+Y7TBT4tZbO8LvlTwSa\nEypCD4aqQaorM1GzkdrNmn+jJtSUZWY55+S/H9AFeYnHdK3QBACRdVdy2YoCMUsE\nPra1v2gFPf6rJUwncp7qN4VU+/M9D0GP4RAxVNp/AqE3ovEQ1HrbvY5jK7USFcr/\nTL4/1JmDIsV5efsqv8a0obJLcurV8FPfOA902EzzYh9pC3SQSklYOWHzLXFzkizm\nn5oBtdTce9L4N31yqkOsynleG2lI6m++IO/bO9Q6kBsaOH/cO4pOXaYKXHMhJAyA\nOjIWhZiNAoGBAMRBscT1iuUTeNz9pISTfxRPIr73+V+9myNLWnJsjRX/7RTXZq/C\nTbbolY2WK1oI3B5Hw84MWSglZpx6f0vWRjlPS+/9vzdf1EPioAa3EG720zywGxw8\nxewczH/qAC6ZWZOLgc/QPGjBysgry9c4y/CDcIZCSxIhMpG3iNu0Xx9PAoGBAP0h\nutZ1t2Xb6M4gfLD9bfEPREBvHUutwcn5vEv4EgLkFA8NJMvY0ya1LfKTec0xWGM3\n20nZn+2fjAQlztFglo4mkg9dfcpTp8nNjJzybDxZ45ZBX0co5bL3CF3qi+QR1L6P\nP/Tc3gP4kg0QB1mezpun8mqgS4ZnaXNtK3IOc2ojAoGAX/6iLWzNG2+C1tVZ+18J\n8a0jmbVBTQs5LvJUs1NVT0V3eZJCsAWiba0mObMSUV+0CzufEtIHahOhNTjVuwp8\nHtwikKjVNwiwkuPu0loIt74TZMPe/tjbFrqfbJHQtPpdTkYWoMeCRNtFjNOfSQ6G\n8oXYLFOQ1LVYPt4/GvgG7xECgYBi5bu+sG0/8aRKbGzrJYi/xuwulHsIp1FwXQ8R\nS1GWKZAgtUzsC8GrfNv/y1iqL55N3XPirZELYOtub2sXaLpJvY4RTMCpvPdwI8vN\nQfXBuojtmorkHXlo65UsREf1inXpIcSmIWjoekRtsBZ/EEm+jOZsfEYls9+CRmPU\nAwtaqwKBgECFCEwnHNCeEjXxItza6Isl+3p6cftYpGiQUd/dJcSRZ14xKo7lSQFN\npfVsFMDcjiJpv0K4zFMUOFdrwtu1/YBNcbbdsivMnNMT1QuenTOsXbB8vJngnaf/\nxEG96cZn1DNpqSsQTNyB1fFWPVFluMPEK9pOmetbhuaOuaIcr6LK\n-----END RSA PRIVATE KEY-----\n",
            "content_base64": null,
            "directory_permission": "0777",
            "file_permission": "0777",
            "filename": "pvtKey.pem",
            "id": "ebc94e323c5647209d57e62c0a123c62db03f197",
            "sensitive_content": null,
            "source": null
          },
          "sensitive_attributes": [
            [
              {
                "type": "get_attr",
                "value": "content"
              }
            ]
          ],
          "dependencies": [
            "tls_private_key.private_key"
          ]
        }
      ]
    },
    {
      "mode": "managed",
      "type": "tls_private_key",
      "name": "private_key",
      "provider": "provider[\"registry.terraform.io/hashicorp/tls\"]",
      "instances": [
        {
          "schema_version": 1,
          "attributes": {
            "algorithm": "RSA",
            "ecdsa_curve": "P224",
            "id": "77f5f362e67c7e66965d7f7fa99e5478d19d5c0c",
            "private_key_openssh": "-----BEGIN OPENSSH PRIVATE KEY-----\nb3BlbnNzaC1rZXktdjEAAAAABG5vbmUAAAAEbm9uZQAAAAAAAAABAAABFwAAAAdz\nc2gtcnNhAAAAAwEAAQAAAQEAwg7IY7VgP6OMU/d4vFkalK2WEHaeNvtLiOcMX8YZ\n4Nu776vEb9ozNo1JnVCgvsp1aQ4DS9y9UVNQP8u/NA07osiFScMEMzGKjgqEBrBR\n59/FsWBUwk0jtI9ehQRc/OqHb5hI4YBrQSUD7wInZRzQe5mSmrVThg4cZJIrvT84\nEbes7fv9LQ4sBfbQLHf1l9gFjcIcmS0Qcfor1CDOvWH5+5aovijEAAZWJx/iQCt2\nQmQw7v32KNRVn4jFYGirpLBZc5vQWtqoSLdlcIFen/oTXRpuIdEm09rw6ka1+Sb3\nlkM5CxfsOz2BzKbFQk2rR0yrsMhgv+sp+kiHkx9YbnT9zQAAA7guWG6ULlhulAAA\nAAdzc2gtcnNhAAABAQDCDshjtWA/o4xT93i8WRqUrZYQdp42+0uI5wxfxhng27vv\nq8Rv2jM2jUmdUKC+ynVpDgNL3L1RU1A/y780DTuiyIVJwwQzMYqOCoQGsFHn38Wx\nYFTCTSO0j16FBFz86odvmEjhgGtBJQPvAidlHNB7mZKatVOGDhxkkiu9PzgRt6zt\n+/0tDiwF9tAsd/WX2AWNwhyZLRBx+ivUIM69Yfn7lqi+KMQABlYnH+JAK3ZCZDDu\n/fYo1FWfiMVgaKuksFlzm9Ba2qhIt2VwgV6f+hNdGm4h0SbT2vDqRrX5JveWQzkL\nF+w7PYHMpsVCTatHTKuwyGC/6yn6SIeTH1hudP3NAAAAAwEAAQAAAQEAqOmfKZMV\nzS75lZjiAef5SBL0fS4Stz7zV53tWmwf2GbLZmn32XhvfXtr6T/mO0wU+LWWzvC7\n5U8EmhMqQg+GqkGqKzNRs5HazZp/oybUlGVmOefkvx/QBXmJx3St0AQAkXVXctmK\nAjFLBD62tb9oBT3+qyVMJ3Ke6jeFVPvzPQ9Bj+EQMVTafwKhN6LxENR6272OYyu1\nEhXK/0y+P9SZgyLFeXn7Kr/GtKGyS3Lq1fBT3zgPdNhM82IfaQt0kEpJWDlh8y1x\nc5Is5p+aAbXU3HvS+Dd9cqpDrMp5XhtpSOpvviDv2zvUOpAbGjh/3DuKTl2mClxz\nISQMgDoyFoWYjQAAAIBAhQhMJxzQnhI18SLc2uiLJft6enH7WKRokFHf3SXEkWde\nMSqO5UkBTaX1bBTA3I4iab9CuMxTFDhXa8Lbtf2ATXG23bIrzJzTE9ULnp0zrF2w\nfLyZ4J2n/8RBvenGZ9QzaakrEEzcgdXxVj1RZbjDxCvaTpnrW4bmjrmiHK+iygAA\nAIEAxEGxxPWK5RN43P2khJN/FE8ivvf5X72bI0tacmyNFf/tFNdmr8JNtuiVjZYr\nWgjcHkfDzgxZKCVmnHp/S9ZGOU9L7/2/N1/UQ+KgBrcQbvbTPLAbHDzF7BzMf+oA\nLplZk4uBz9A8aMHKyCvL1zjL8INwhkJLEiEykbeI27RfH08AAACBAP0hutZ1t2Xb\n6M4gfLD9bfEPREBvHUutwcn5vEv4EgLkFA8NJMvY0ya1LfKTec0xWGM320nZn+2f\njAQlztFglo4mkg9dfcpTp8nNjJzybDxZ45ZBX0co5bL3CF3qi+QR1L6PP/Tc3gP4\nkg0QB1mezpun8mqgS4ZnaXNtK3IOc2ojAAAAAAEC\n-----END OPENSSH PRIVATE KEY-----\n",
            "private_key_pem": "-----BEGIN RSA PRIVATE KEY-----\nMIIEowIBAAKCAQEAwg7IY7VgP6OMU/d4vFkalK2WEHaeNvtLiOcMX8YZ4Nu776vE\nb9ozNo1JnVCgvsp1aQ4DS9y9UVNQP8u/NA07osiFScMEMzGKjgqEBrBR59/FsWBU\nwk0jtI9ehQRc/OqHb5hI4YBrQSUD7wInZRzQe5mSmrVThg4cZJIrvT84Ebes7fv9\nLQ4sBfbQLHf1l9gFjcIcmS0Qcfor1CDOvWH5+5aovijEAAZWJx/iQCt2QmQw7v32\nKNRVn4jFYGirpLBZc5vQWtqoSLdlcIFen/oTXRpuIdEm09rw6ka1+Sb3lkM5Cxfs\nOz2BzKbFQk2rR0yrsMhgv+sp+kiHkx9YbnT9zQIDAQABAoIBAQCo6Z8pkxXNLvmV\nmOIB5/lIEvR9LhK3PvNXne1abB/YZstmaffZeG99e2vpP+Y7TBT4tZbO8LvlTwSa\nEypCD4aqQaorM1GzkdrNmn+jJtSUZWY55+S/H9AFeYnHdK3QBACRdVdy2YoCMUsE\nPra1v2gFPf6rJUwncp7qN4VU+/M9D0GP4RAxVNp/AqE3ovEQ1HrbvY5jK7USFcr/\nTL4/1JmDIsV5efsqv8a0obJLcurV8FPfOA902EzzYh9pC3SQSklYOWHzLXFzkizm\nn5oBtdTce9L4N31yqkOsynleG2lI6m++IO/bO9Q6kBsaOH/cO4pOXaYKXHMhJAyA\nOjIWhZiNAoGBAMRBscT1iuUTeNz9pISTfxRPIr73+V+9myNLWnJsjRX/7RTXZq/C\nTbbolY2WK1oI3B5Hw84MWSglZpx6f0vWRjlPS+/9vzdf1EPioAa3EG720zywGxw8\nxewczH/qAC6ZWZOLgc/QPGjBysgry9c4y/CDcIZCSxIhMpG3iNu0Xx9PAoGBAP0h\nutZ1t2Xb6M4gfLD9bfEPREBvHUutwcn5vEv4EgLkFA8NJMvY0ya1LfKTec0xWGM3\n20nZn+2fjAQlztFglo4mkg9dfcpTp8nNjJzybDxZ45ZBX0co5bL3CF3qi+QR1L6P\nP/Tc3gP4kg0QB1mezpun8mqgS4ZnaXNtK3IOc2ojAoGAX/6iLWzNG2+C1tVZ+18J\n8a0jmbVBTQs5LvJUs1NVT0V3eZJCsAWiba0mObMSUV+0CzufEtIHahOhNTjVuwp8\nHtwikKjVNwiwkuPu0loIt74TZMPe/tjbFrqfbJHQtPpdTkYWoMeCRNtFjNOfSQ6G\n8oXYLFOQ1LVYPt4/GvgG7xECgYBi5bu+sG0/8aRKbGzrJYi/xuwulHsIp1FwXQ8R\nS1GWKZAgtUzsC8GrfNv/y1iqL55N3XPirZELYOtub2sXaLpJvY4RTMCpvPdwI8vN\nQfXBuojtmorkHXlo65UsREf1inXpIcSmIWjoekRtsBZ/EEm+jOZsfEYls9+CRmPU\nAwtaqwKBgECFCEwnHNCeEjXxItza6Isl+3p6cftYpGiQUd/dJcSRZ14xKo7lSQFN\npfVsFMDcjiJpv0K4zFMUOFdrwtu1/YBNcbbdsivMnNMT1QuenTOsXbB8vJngnaf/\nxEG96cZn1DNpqSsQTNyB1fFWPVFluMPEK9pOmetbhuaOuaIcr6LK\n-----END RSA PRIVATE KEY-----\n",
            "private_key_pem_pkcs8": "-----BEGIN PRIVATE KEY-----\nMIIEvQIBADANBgkqhkiG9w0BAQEFAASCBKcwggSjAgEAAoIBAQDCDshjtWA/o4xT\n93i8WRqUrZYQdp42+0uI5wxfxhng27vvq8Rv2jM2jUmdUKC+ynVpDgNL3L1RU1A/\ny780DTuiyIVJwwQzMYqOCoQGsFHn38WxYFTCTSO0j16FBFz86odvmEjhgGtBJQPv\nAidlHNB7mZKatVOGDhxkkiu9PzgRt6zt+/0tDiwF9tAsd/WX2AWNwhyZLRBx+ivU\nIM69Yfn7lqi+KMQABlYnH+JAK3ZCZDDu/fYo1FWfiMVgaKuksFlzm9Ba2qhIt2Vw\ngV6f+hNdGm4h0SbT2vDqRrX5JveWQzkLF+w7PYHMpsVCTatHTKuwyGC/6yn6SIeT\nH1hudP3NAgMBAAECggEBAKjpnymTFc0u+ZWY4gHn+UgS9H0uErc+81ed7VpsH9hm\ny2Zp99l4b317a+k/5jtMFPi1ls7wu+VPBJoTKkIPhqpBqiszUbOR2s2af6Mm1JRl\nZjnn5L8f0AV5icd0rdAEAJF1V3LZigIxSwQ+trW/aAU9/qslTCdynuo3hVT78z0P\nQY/hEDFU2n8CoTei8RDUetu9jmMrtRIVyv9Mvj/UmYMixXl5+yq/xrShskty6tXw\nU984D3TYTPNiH2kLdJBKSVg5YfMtcXOSLOafmgG11Nx70vg3fXKqQ6zKeV4baUjq\nb74g79s71DqQGxo4f9w7ik5dpgpccyEkDIA6MhaFmI0CgYEAxEGxxPWK5RN43P2k\nhJN/FE8ivvf5X72bI0tacmyNFf/tFNdmr8JNtuiVjZYrWgjcHkfDzgxZKCVmnHp/\nS9ZGOU9L7/2/N1/UQ+KgBrcQbvbTPLAbHDzF7BzMf+oALplZk4uBz9A8aMHKyCvL\n1zjL8INwhkJLEiEykbeI27RfH08CgYEA/SG61nW3ZdvoziB8sP1t8Q9EQG8dS63B\nyfm8S/gSAuQUDw0ky9jTJrUt8pN5zTFYYzfbSdmf7Z+MBCXO0WCWjiaSD119ylOn\nyc2MnPJsPFnjlkFfRyjlsvcIXeqL5BHUvo8/9NzeA/iSDRAHWZ7Om6fyaqBLhmdp\nc20rcg5zaiMCgYBf/qItbM0bb4LW1Vn7XwnxrSOZtUFNCzku8lSzU1VPRXd5kkKw\nBaJtrSY5sxJRX7QLO58S0gdqE6E1ONW7Cnwe3CKQqNU3CLCS4+7SWgi3vhNkw97+\n2NsWup9skdC0+l1ORhagx4JE20WM059JDobyhdgsU5DUtVg+3j8a+AbvEQKBgGLl\nu76wbT/xpEpsbOsliL/G7C6UewinUXBdDxFLUZYpkCC1TOwLwat82//LWKovnk3d\nc+KtkQtg625vaxdoukm9jhFMwKm893Ajy81B9cG6iO2aiuQdeWjrlSxER/WKdekh\nxKYhaOh6RG2wFn8QSb6M5mx8RiWz34JGY9QDC1qrAoGAQIUITCcc0J4SNfEi3Nro\niyX7enpx+1ikaJBR390lxJFnXjEqjuVJAU2l9WwUwNyOImm/QrjMUxQ4V2vC27X9\ngE1xtt2yK8yc0xPVC56dM6xdsHy8meCdp//EQb3pxmfUM2mpKxBM3IHV8VY9UWW4\nw8Qr2k6Z61uG5o65ohyvoso=\n-----END PRIVATE KEY-----\n",
            "public_key_fingerprint_md5": "09:e0:9d:ac:c3:b5:d2:22:1d:7d:2a:53:ed:50:9a:93",
            "public_key_fingerprint_sha256": "SHA256:fX0jLCHKIgtgsuz4sJmCbRxxp+G149A0IkHbe+qwE+k",
            "public_key_openssh": "ssh-rsa AAAAB3NzaC1yc2EAAAADAQABAAABAQDCDshjtWA/o4xT93i8WRqUrZYQdp42+0uI5wxfxhng27vvq8Rv2jM2jUmdUKC+ynVpDgNL3L1RU1A/y780DTuiyIVJwwQzMYqOCoQGsFHn38WxYFTCTSO0j16FBFz86odvmEjhgGtBJQPvAidlHNB7mZKatVOGDhxkkiu9PzgRt6zt+/0tDiwF9tAsd/WX2AWNwhyZLRBx+ivUIM69Yfn7lqi+KMQABlYnH+JAK3ZCZDDu/fYo1FWfiMVgaKuksFlzm9Ba2qhIt2VwgV6f+hNdGm4h0SbT2vDqRrX5JveWQzkLF+w7PYHMpsVCTatHTKuwyGC/6yn6SIeTH1hudP3N\n",
            "public_key_pem": "-----BEGIN PUBLIC KEY-----\nMIIBIjANBgkqhkiG9w0BAQEFAAOCAQ8AMIIBCgKCAQEAwg7IY7VgP6OMU/d4vFka\nlK2WEHaeNvtLiOcMX8YZ4Nu776vEb9ozNo1JnVCgvsp1aQ4DS9y9UVNQP8u/NA07\nosiFScMEMzGKjgqEBrBR59/FsWBUwk0jtI9ehQRc/OqHb5hI4YBrQSUD7wInZRzQ\ne5mSmrVThg4cZJIrvT84Ebes7fv9LQ4sBfbQLHf1l9gFjcIcmS0Qcfor1CDOvWH5\n+5aovijEAAZWJx/iQCt2QmQw7v32KNRVn4jFYGirpLBZc5vQWtqoSLdlcIFen/oT\nXRpuIdEm09rw6ka1+Sb3lkM5CxfsOz2BzKbFQk2rR0yrsMhgv+sp+kiHkx9YbnT9\nzQIDAQAB\n-----END PUBLIC KEY-----\n",
            "rsa_bits": 2048
          },
          "sensitive_attributes": []
        }
      ]
    }
  ],
  "check_results": null
}
